
Microsoft Visual Studio Solution File, Format Version 12.00
# Visual Studio 15
VisualStudioVersion = 15.0.27130.2036
MinimumVisualStudioVersion = 10.0.40219.1
Project("{9A19103F-16F7-4668-BE54-9A1E7A4F7556}") = "Vehicles", "Vehicles\Vehicles.csproj", "{66AFE084-0B65-43CE-BA26-0EE8DC5FF3C9}"
EndProject
Project("{FAE04EC0-301F-11D3-BF4B-00C04F79EFBC}") = "Vehicle2", "Vehicle2\Vehicle2.csproj", "{74C87FC1-84C5-446A-97F1-0D621FEC76CC}"
EndProject
Global
	GlobalSection(SolutionConfigurationPlatforms) = preSolution
		Debug|Any CPU = Debug|Any CPU
		Release|Any CPU = Release|Any CPU
	EndGlobalSection
	GlobalSection(ProjectConfigurationPlatforms) = postSolution
		{66AFE084-0B65-43CE-BA26-0EE8DC5FF3C9}.Debug|Any CPU.ActiveCfg = Debug|Any CPU
		{66AFE084-0B65-43CE-BA26-0EE8DC5FF3C9}.Debug|Any CPU.Build.0 = Debug|Any CPU
		{66AFE084-0B65-43CE-BA26-0EE8DC5FF3C9}.Release|Any CPU.ActiveCfg = Release|Any CPU
		{66AFE084-0B65-43CE-BA26-0EE8DC5FF3C9}.Release|Any CPU.Build.0 = Release|Any CPU
		{74C87FC1-84C5-446A-97F1-0D621FEC76CC}.Debug|Any CPU.ActiveCfg = Debug|Any CPU
		{74C87FC1-84C5-446A-97F1-0D621FEC76CC}.Debug|Any CPU.Build.0 = Debug|Any CPU
		{74C87FC1-84C5-446A-97F1-0D621FEC76CC}.Release|Any CPU.ActiveCfg = Release|Any CPU
		{74C87FC1-84C5-446A-97F1-0D621FEC76CC}.Release|Any CPU.Build.0 = Release|Any CPU
	EndGlobalSection
	GlobalSection(SolutionProperties) = preSolution
		HideSolutionNode = FALSE
	EndGlobalSection
	GlobalSection(ExtensibilityGlobals) = postSolution
		SolutionGuid = {6F10C9C2-F834-40E0-8EFF-9BEC9571BB6A}
	EndGlobalSection
EndGlobal
