
Microsoft Visual Studio Solution File, Format Version 12.00
# Visual Studio 15
VisualStudioVersion = 15.0.27130.2036
MinimumVisualStudioVersion = 10.0.40219.1
Project("{9A19103F-16F7-4668-BE54-9A1E7A4F7556}") = "Vehicles", "Vehicles\Vehicles.csproj", "{66AFE084-0B65-43CE-BA26-0EE8DC5FF3C9}"
EndProject
Project("{9A19103F-16F7-4668-BE54-9A1E7A4F7556}") = "Vehicles2", "Vehicles2\Vehicles2.csproj", "{4558252E-72A3-4E88-B7A6-1053B35AE8B3}"
EndProject
Project("{FAE04EC0-301F-11D3-BF4B-00C04F79EFBC}") = "WildFarm", "WildFarm\WildFarm.csproj", "{5466B7B6-C009-4432-BE8A-DB7FBACD0902}"
EndProject
Global
	GlobalSection(SolutionConfigurationPlatforms) = preSolution
		Debug|Any CPU = Debug|Any CPU
		Release|Any CPU = Release|Any CPU
	EndGlobalSection
	GlobalSection(ProjectConfigurationPlatforms) = postSolution
		{66AFE084-0B65-43CE-BA26-0EE8DC5FF3C9}.Debug|Any CPU.ActiveCfg = Debug|Any CPU
		{66AFE084-0B65-43CE-BA26-0EE8DC5FF3C9}.Debug|Any CPU.Build.0 = Debug|Any CPU
		{66AFE084-0B65-43CE-BA26-0EE8DC5FF3C9}.Release|Any CPU.ActiveCfg = Release|Any CPU
		{66AFE084-0B65-43CE-BA26-0EE8DC5FF3C9}.Release|Any CPU.Build.0 = Release|Any CPU
		{4558252E-72A3-4E88-B7A6-1053B35AE8B3}.Debug|Any CPU.ActiveCfg = Debug|Any CPU
		{4558252E-72A3-4E88-B7A6-1053B35AE8B3}.Debug|Any CPU.Build.0 = Debug|Any CPU
		{4558252E-72A3-4E88-B7A6-1053B35AE8B3}.Release|Any CPU.ActiveCfg = Release|Any CPU
		{4558252E-72A3-4E88-B7A6-1053B35AE8B3}.Release|Any CPU.Build.0 = Release|Any CPU
		{5466B7B6-C009-4432-BE8A-DB7FBACD0902}.Debug|Any CPU.ActiveCfg = Debug|Any CPU
		{5466B7B6-C009-4432-BE8A-DB7FBACD0902}.Debug|Any CPU.Build.0 = Debug|Any CPU
		{5466B7B6-C009-4432-BE8A-DB7FBACD0902}.Release|Any CPU.ActiveCfg = Release|Any CPU
		{5466B7B6-C009-4432-BE8A-DB7FBACD0902}.Release|Any CPU.Build.0 = Release|Any CPU
	EndGlobalSection
	GlobalSection(SolutionProperties) = preSolution
		HideSolutionNode = FALSE
	EndGlobalSection
	GlobalSection(ExtensibilityGlobals) = postSolution
		SolutionGuid = {6F10C9C2-F834-40E0-8EFF-9BEC9571BB6A}
	EndGlobalSection
EndGlobal
